
Microsoft Visual Studio Solution File, Format Version 12.00
# Visual Studio 15
VisualStudioVersion = 15.0.27428.2005
MinimumVisualStudioVersion = 10.0.40219.1
Project("{FAE04EC0-301F-11D3-BF4B-00C04F79EFBC}") = "EasyH.Iot.IotZone", "EasyH.Iot.IotZone\EasyH.Iot.IotZone.csproj", "{1E86117F-FC5A-46D4-AEF5-2684B3BB33CC}"
EndProject
Global
	GlobalSection(SolutionConfigurationPlatforms) = preSolution
		Debug|Any CPU = Debug|Any CPU
		Release|Any CPU = Release|Any CPU
	EndGlobalSection
	GlobalSection(ProjectConfigurationPlatforms) = postSolution
		{1E86117F-FC5A-46D4-AEF5-2684B3BB33CC}.Debug|Any CPU.ActiveCfg = Debug|Any CPU
		{1E86117F-FC5A-46D4-AEF5-2684B3BB33CC}.Debug|Any CPU.Build.0 = Debug|Any CPU
		{1E86117F-FC5A-46D4-AEF5-2684B3BB33CC}.Release|Any CPU.ActiveCfg = Release|Any CPU
		{1E86117F-FC5A-46D4-AEF5-2684B3BB33CC}.Release|Any CPU.Build.0 = Release|Any CPU
	EndGlobalSection
	GlobalSection(SolutionProperties) = preSolution
		HideSolutionNode = FALSE
	EndGlobalSection
	GlobalSection(ExtensibilityGlobals) = postSolution
		SolutionGuid = {B5F21A44-D13E-40A4-850F-A770266668EB}
	EndGlobalSection
EndGlobal
